
Microsoft Visual Studio Solution File, Format Version 12.00
# Visual Studio Version 16
VisualStudioVersion = 16.0.29709.97
MinimumVisualStudioVersion = 10.0.40219.1
Project("{FAE04EC0-301F-11D3-BF4B-00C04F79EFBC}") = "MIA-Immigration", "MIA-Immigration\MIA-Immigration.csproj", "{54B76DEA-12E4-4B23-9D3D-0862A3C827E0}"
EndProject
Global
	GlobalSection(SolutionConfigurationPlatforms) = preSolution
		Debug|Any CPU = Debug|Any CPU
		Release|Any CPU = Release|Any CPU
	EndGlobalSection
	GlobalSection(ProjectConfigurationPlatforms) = postSolution
		{54B76DEA-12E4-4B23-9D3D-0862A3C827E0}.Debug|Any CPU.ActiveCfg = Debug|Any CPU
		{54B76DEA-12E4-4B23-9D3D-0862A3C827E0}.Debug|Any CPU.Build.0 = Debug|Any CPU
		{54B76DEA-12E4-4B23-9D3D-0862A3C827E0}.Release|Any CPU.ActiveCfg = Release|Any CPU
		{54B76DEA-12E4-4B23-9D3D-0862A3C827E0}.Release|Any CPU.Build.0 = Release|Any CPU
	EndGlobalSection
	GlobalSection(SolutionProperties) = preSolution
		HideSolutionNode = FALSE
	EndGlobalSection
	GlobalSection(ExtensibilityGlobals) = postSolution
		SolutionGuid = {C8655909-791A-4644-B137-C13126CC82B0}
	EndGlobalSection
EndGlobal
